{
  "name": "assets",
  "lockfileVersion": 2,
  "requires": true,
  "packages": {
    "": {
      "dependencies": {
        "croppr": "^2.3.1"
      }
    },
    "node_modules/croppr": {
      "version": "2.3.1",
      "resolved": "https://registry.npmjs.org/croppr/-/croppr-2.3.1.tgz",
      "integrity": "sha512-0rvTl4VmR3I4AahjJPF1u9IlT7ckvjIcgaLnUjYaY+UZsP9oxlVYZWYDuqM3SVCQiaI7DXMjR7wOEYT+mydOFg=="
    }
  },
  "dependencies": {
    "croppr": {
      "version": "2.3.1",
      "resolved": "https://registry.npmjs.org/croppr/-/croppr-2.3.1.tgz",
      "integrity": "sha512-0rvTl4VmR3I4AahjJPF1u9IlT7ckvjIcgaLnUjYaY+UZsP9oxlVYZWYDuqM3SVCQiaI7DXMjR7wOEYT+mydOFg=="
    }
  }
}
